
Microsoft Visual Studio Solution File, Format Version 12.00
# Visual Studio Version 17
VisualStudioVersion = 17.3.32819.101
MinimumVisualStudioVersion = 10.0.40219.1
Project("{8BC9CEB8-8B4A-11D0-8D11-00A0C91BC942}") = "Homework 1", "Homework 1.vcxproj", "{ED45FEEB-127B-4C8A-A4A5-FCCF9BF1C3FF}"
EndProject
Global
	GlobalSection(SolutionConfigurationPlatforms) = preSolution
		Debug|x64 = Debug|x64
		Debug|x86 = Debug|x86
		Release|x64 = Release|x64
		Release|x86 = Release|x86
	EndGlobalSection
	GlobalSection(ProjectConfigurationPlatforms) = postSolution
		{ED45FEEB-127B-4C8A-A4A5-FCCF9BF1C3FF}.Debug|x64.ActiveCfg = Debug|x64
		{ED45FEEB-127B-4C8A-A4A5-FCCF9BF1C3FF}.Debug|x64.Build.0 = Debug|x64
		{ED45FEEB-127B-4C8A-A4A5-FCCF9BF1C3FF}.Debug|x86.ActiveCfg = Debug|Win32
		{ED45FEEB-127B-4C8A-A4A5-FCCF9BF1C3FF}.Debug|x86.Build.0 = Debug|Win32
		{ED45FEEB-127B-4C8A-A4A5-FCCF9BF1C3FF}.Release|x64.ActiveCfg = Release|x64
		{ED45FEEB-127B-4C8A-A4A5-FCCF9BF1C3FF}.Release|x64.Build.0 = Release|x64
		{ED45FEEB-127B-4C8A-A4A5-FCCF9BF1C3FF}.Release|x86.ActiveCfg = Release|Win32
		{ED45FEEB-127B-4C8A-A4A5-FCCF9BF1C3FF}.Release|x86.Build.0 = Release|Win32
	EndGlobalSection
	GlobalSection(SolutionProperties) = preSolution
		HideSolutionNode = FALSE
	EndGlobalSection
	GlobalSection(ExtensibilityGlobals) = postSolution
		SolutionGuid = {88B17B3C-3788-4703-AAEE-B6B8D2D82108}
	EndGlobalSection
EndGlobal
